
Microsoft Visual Studio Solution File, Format Version 12.00
# Visual Studio Version 16
VisualStudioVersion = 16.0.30611.23
MinimumVisualStudioVersion = 10.0.40219.1
Project("{9A19103F-16F7-4668-BE54-9A1E7A4F7556}") = "StepFunc_Lab04", "StepFunc_Lab04\StepFunc_Lab04.csproj", "{4113B051-9553-461B-B1BC-4539212E5378}"
EndProject
Global
	GlobalSection(SolutionConfigurationPlatforms) = preSolution
		Debug|Any CPU = Debug|Any CPU
		Release|Any CPU = Release|Any CPU
	EndGlobalSection
	GlobalSection(ProjectConfigurationPlatforms) = postSolution
		{4113B051-9553-461B-B1BC-4539212E5378}.Debug|Any CPU.ActiveCfg = Debug|Any CPU
		{4113B051-9553-461B-B1BC-4539212E5378}.Debug|Any CPU.Build.0 = Debug|Any CPU
		{4113B051-9553-461B-B1BC-4539212E5378}.Release|Any CPU.ActiveCfg = Release|Any CPU
		{4113B051-9553-461B-B1BC-4539212E5378}.Release|Any CPU.Build.0 = Release|Any CPU
	EndGlobalSection
	GlobalSection(SolutionProperties) = preSolution
		HideSolutionNode = FALSE
	EndGlobalSection
	GlobalSection(ExtensibilityGlobals) = postSolution
		SolutionGuid = {507EFA32-5723-46C2-8156-C1989BB1EDF4}
	EndGlobalSection
EndGlobal
